// !$*UTF8*$!
{
	archiveVersion = 1;
	classes = {
	};
	objectVersion = 56;
	objects = {

/* Begin PBXBuildFile section */
		D4BB6A372A2E2C4200FA6939 /* FirechatApp.swift in Sources */ = {isa = PBXBuildFile; fileRef = D4BB6A362A2E2C4200FA6939 /* FirechatApp.swift */; };
		D4BB6A392A2E2C4200FA6939 /* ContentView.swift in Sources */ = {isa = PBXBuildFile; fileRef = D4BB6A382A2E2C4200FA6939 /* ContentView.swift */; };
		D4BB6A3B2A2E2C4400FA6939 /* Assets.xcassets in Resources */ = {isa = PBXBuildFile; fileRef = D4BB6A3A2A2E2C4400FA6939 /* Assets.xcassets */; };
		D4BB6A3E2A2E2C4400FA6939 /* Preview Assets.xcassets in Resources */ = {isa = PBXBuildFile; fileRef = D4BB6A3D2A2E2C4400FA6939 /* Preview Assets.xcassets */; };
		D4BB6A482A2E2C4400FA6939 /* FirechatTests.swift in Sources */ = {isa = PBXBuildFile; fileRef = D4BB6A472A2E2C4400FA6939 /* FirechatTests.swift */; };
		D4BB6A522A2E2C4400FA6939 /* FirechatUITests.swift in Sources */ = {isa = PBXBuildFile; fileRef = D4BB6A512A2E2C4400FA6939 /* FirechatUITests.swift */; };
		D4BB6A542A2E2C4400FA6939 /* FirechatUITestsLaunchTests.swift in Sources */ = {isa = PBXBuildFile; fileRef = D4BB6A532A2E2C4400FA6939 /* FirechatUITestsLaunchTests.swift */; };
		D4BB6A6F2A2E3BBF00FA6939 /* Coordinator.swift in Sources */ = {isa = PBXBuildFile; fileRef = D4BB6A6E2A2E3BBF00FA6939 /* Coordinator.swift */; };
		D4BB6A752A2E3D4C00FA6939 /* README.md in Resources */ = {isa = PBXBuildFile; fileRef = D4BB6A742A2E3D4C00FA6939 /* README.md */; };
		D4BB6A772A2E3E2000FA6939 /* AuthViewModel.swift in Sources */ = {isa = PBXBuildFile; fileRef = D4BB6A762A2E3E2000FA6939 /* AuthViewModel.swift */; };
		D4BB6A7B2A2F216700FA6939 /* RegisterView.swift in Sources */ = {isa = PBXBuildFile; fileRef = D4BB6A782A2F216700FA6939 /* RegisterView.swift */; };
		D4BB6A7C2A2F216700FA6939 /* LoginView.swift in Sources */ = {isa = PBXBuildFile; fileRef = D4BB6A792A2F216700FA6939 /* LoginView.swift */; };
		D4BB6A7D2A2F216700FA6939 /* ResetPassView.swift in Sources */ = {isa = PBXBuildFile; fileRef = D4BB6A7A2A2F216700FA6939 /* ResetPassView.swift */; };
		D4BB6A7F2A2F21BF00FA6939 /* UserViewModel.swift in Sources */ = {isa = PBXBuildFile; fileRef = D4BB6A7E2A2F21BF00FA6939 /* UserViewModel.swift */; };
		D4BB6A822A2F23EF00FA6939 /* Localizable.strings in Resources */ = {isa = PBXBuildFile; fileRef = D4BB6A842A2F23EF00FA6939 /* Localizable.strings */; };
		D4BB6A872A2F296200FA6939 /* ChatView.swift in Sources */ = {isa = PBXBuildFile; fileRef = D4BB6A862A2F296200FA6939 /* ChatView.swift */; };
		D4BB6A892A2F29F100FA6939 /* EntryPoint.swift in Sources */ = {isa = PBXBuildFile; fileRef = D4BB6A882A2F29F100FA6939 /* EntryPoint.swift */; };
		D4BB6A8C2A2F3A4D00FA6939 /* FirebaseAuth in Frameworks */ = {isa = PBXBuildFile; productRef = D4BB6A8B2A2F3A4D00FA6939 /* FirebaseAuth */; };
		D4BB6A8E2A2F3A4D00FA6939 /* FirebaseFirestore in Frameworks */ = {isa = PBXBuildFile; productRef = D4BB6A8D2A2F3A4D00FA6939 /* FirebaseFirestore */; };
		D4BB6A902A2F3A4D00FA6939 /* FirebaseStorage in Frameworks */ = {isa = PBXBuildFile; productRef = D4BB6A8F2A2F3A4D00FA6939 /* FirebaseStorage */; };
		D4BB6A942A2F665200FA6939 /* FirebaseManager.swift in Sources */ = {isa = PBXBuildFile; fileRef = D4BB6A932A2F665200FA6939 /* FirebaseManager.swift */; };
		D4BB6A992A2F754200FA6939 /* ImagePicker.swift in Sources */ = {isa = PBXBuildFile; fileRef = D4BB6A982A2F754200FA6939 /* ImagePicker.swift */; };
		D4BB6A9B2A2F8EB500FA6939 /* GoogleService-Info.plist in Resources */ = {isa = PBXBuildFile; fileRef = D4BB6A9A2A2F8EB500FA6939 /* GoogleService-Info.plist */; };
/* End PBXBuildFile section */

/* Begin PBXContainerItemProxy section */
		D4BB6A442A2E2C4400FA6939 /* PBXContainerItemProxy */ = {
			isa = PBXContainerItemProxy;
			containerPortal = D4BB6A2B2A2E2C4200FA6939 /* Project object */;
			proxyType = 1;
			remoteGlobalIDString = D4BB6A322A2E2C4200FA6939;
			remoteInfo = Firechat;
		};
		D4BB6A4E2A2E2C4400FA6939 /* PBXContainerItemProxy */ = {
			isa = PBXContainerItemProxy;
			containerPortal = D4BB6A2B2A2E2C4200FA6939 /* Project object */;
			proxyType = 1;
			remoteGlobalIDString = D4BB6A322A2E2C4200FA6939;
			remoteInfo = Firechat;
		};
/* End PBXContainerItemProxy section */

/* Begin PBXFileReference section */
		D4BB6A332A2E2C4200FA6939 /* Firechat.app */ = {isa = PBXFileReference; explicitFileType = wrapper.application; includeInIndex = 0; path = Firechat.app; sourceTree = BUILT_PRODUCTS_DIR; };
		D4BB6A362A2E2C4200FA6939 /* FirechatApp.swift */ = {isa = PBXFileReference; lastKnownFileType = sourcecode.swift; path = FirechatApp.swift; sourceTree = "<group>"; };
		D4BB6A382A2E2C4200FA6939 /* ContentView.swift */ = {isa = PBXFileReference; lastKnownFileType = sourcecode.swift; path = ContentView.swift; sourceTree = "<group>"; };
		D4BB6A3A2A2E2C4400FA6939 /* Assets.xcassets */ = {isa = PBXFileReference; lastKnownFileType = folder.assetcatalog; path = Assets.xcassets; sourceTree = "<group>"; };
		D4BB6A3D2A2E2C4400FA6939 /* Preview Assets.xcassets */ = {isa = PBXFileReference; lastKnownFileType = folder.assetcatalog; path = "Preview Assets.xcassets"; sourceTree = "<group>"; };
		D4BB6A432A2E2C4400FA6939 /* FirechatTests.xctest */ = {isa = PBXFileReference; explicitFileType = wrapper.cfbundle; includeInIndex = 0; path = FirechatTests.xctest; sourceTree = BUILT_PRODUCTS_DIR; };
		D4BB6A472A2E2C4400FA6939 /* FirechatTests.swift */ = {isa = PBXFileReference; lastKnownFileType = sourcecode.swift; path = FirechatTests.swift; sourceTree = "<group>"; };
		D4BB6A4D2A2E2C4400FA6939 /* FirechatUITests.xctest */ = {isa = PBXFileReference; explicitFileType = wrapper.cfbundle; includeInIndex = 0; path = FirechatUITests.xctest; sourceTree = BUILT_PRODUCTS_DIR; };
		D4BB6A512A2E2C4400FA6939 /* FirechatUITests.swift */ = {isa = PBXFileReference; lastKnownFileType = sourcecode.swift; path = FirechatUITests.swift; sourceTree = "<group>"; };
		D4BB6A532A2E2C4400FA6939 /* FirechatUITestsLaunchTests.swift */ = {isa = PBXFileReference; lastKnownFileType = sourcecode.swift; path = FirechatUITestsLaunchTests.swift; sourceTree = "<group>"; };
		D4BB6A6E2A2E3BBF00FA6939 /* Coordinator.swift */ = {isa = PBXFileReference; lastKnownFileType = sourcecode.swift; path = Coordinator.swift; sourceTree = "<group>"; };
		D4BB6A742A2E3D4C00FA6939 /* README.md */ = {isa = PBXFileReference; fileEncoding = 4; lastKnownFileType = net.daringfireball.markdown; path = README.md; sourceTree = "<group>"; };
		D4BB6A762A2E3E2000FA6939 /* AuthViewModel.swift */ = {isa = PBXFileReference; lastKnownFileType = sourcecode.swift; path = AuthViewModel.swift; sourceTree = "<group>"; };
		D4BB6A782A2F216700FA6939 /* RegisterView.swift */ = {isa = PBXFileReference; fileEncoding = 4; lastKnownFileType = sourcecode.swift; path = RegisterView.swift; sourceTree = "<group>"; };
		D4BB6A792A2F216700FA6939 /* LoginView.swift */ = {isa = PBXFileReference; fileEncoding = 4; lastKnownFileType = sourcecode.swift; path = LoginView.swift; sourceTree = "<group>"; };
		D4BB6A7A2A2F216700FA6939 /* ResetPassView.swift */ = {isa = PBXFileReference; fileEncoding = 4; lastKnownFileType = sourcecode.swift; path = ResetPassView.swift; sourceTree = "<group>"; };
		D4BB6A7E2A2F21BF00FA6939 /* UserViewModel.swift */ = {isa = PBXFileReference; lastKnownFileType = sourcecode.swift; path = UserViewModel.swift; sourceTree = "<group>"; };
		D4BB6A832A2F23EF00FA6939 /* en */ = {isa = PBXFileReference; lastKnownFileType = text.plist.strings; name = en; path = en.lproj/Localizable.strings; sourceTree = "<group>"; };
		D4BB6A852A2F23F600FA6939 /* de */ = {isa = PBXFileReference; lastKnownFileType = text.plist.strings; name = de; path = de.lproj/Localizable.strings; sourceTree = "<group>"; };
		D4BB6A862A2F296200FA6939 /* ChatView.swift */ = {isa = PBXFileReference; lastKnownFileType = sourcecode.swift; path = ChatView.swift; sourceTree = "<group>"; };
		D4BB6A882A2F29F100FA6939 /* EntryPoint.swift */ = {isa = PBXFileReference; lastKnownFileType = sourcecode.swift; path = EntryPoint.swift; sourceTree = "<group>"; };
		D4BB6A932A2F665200FA6939 /* FirebaseManager.swift */ = {isa = PBXFileReference; lastKnownFileType = sourcecode.swift; path = FirebaseManager.swift; sourceTree = "<group>"; };
		D4BB6A982A2F754200FA6939 /* ImagePicker.swift */ = {isa = PBXFileReference; lastKnownFileType = sourcecode.swift; path = ImagePicker.swift; sourceTree = "<group>"; };
		D4BB6A9A2A2F8EB500FA6939 /* GoogleService-Info.plist */ = {isa = PBXFileReference; fileEncoding = 4; lastKnownFileType = text.plist.xml; path = "GoogleService-Info.plist"; sourceTree = "<group>"; };
/* End PBXFileReference section */

/* Begin PBXFrameworksBuildPhase section */
		D4BB6A302A2E2C4200FA6939 /* Frameworks */ = {
			isa = PBXFrameworksBuildPhase;
			buildActionMask = 2147483647;
			files = (
				D4BB6A8C2A2F3A4D00FA6939 /* FirebaseAuth in Frameworks */,
				D4BB6A8E2A2F3A4D00FA6939 /* FirebaseFirestore in Frameworks */,
				D4BB6A902A2F3A4D00FA6939 /* FirebaseStorage in Frameworks */,
			);
			runOnlyForDeploymentPostprocessing = 0;
		};
		D4BB6A402A2E2C4400FA6939 /* Frameworks */ = {
			isa = PBXFrameworksBuildPhase;
			buildActionMask = 2147483647;
			files = (
			);
			runOnlyForDeploymentPostprocessing = 0;
		};
		D4BB6A4A2A2E2C4400FA6939 /* Frameworks */ = {
			isa = PBXFrameworksBuildPhase;
			buildActionMask = 2147483647;
			files = (
			);
			runOnlyForDeploymentPostprocessing = 0;
		};
/* End PBXFrameworksBuildPhase section */

/* Begin PBXGroup section */
		D4BB6A2A2A2E2C4200FA6939 = {
			isa = PBXGroup;
			children = (
				D4BB6A742A2E3D4C00FA6939 /* README.md */,
				D4BB6A352A2E2C4200FA6939 /* Firechat */,
				D4BB6A382A2E2C4200FA6939 /* ContentView.swift */,
				D4BB6A882A2F29F100FA6939 /* EntryPoint.swift */,
				D4BB6A362A2E2C4200FA6939 /* FirechatApp.swift */,
				D4BB6A3A2A2E2C4400FA6939 /* Assets.xcassets */,
				D4BB6A9A2A2F8EB500FA6939 /* GoogleService-Info.plist */,
				D4BB6A462A2E2C4400FA6939 /* FirechatTests */,
				D4BB6A502A2E2C4400FA6939 /* FirechatUITests */,
				D4BB6A342A2E2C4200FA6939 /* Products */,
			);
			sourceTree = "<group>";
		};
		D4BB6A342A2E2C4200FA6939 /* Products */ = {
			isa = PBXGroup;
			children = (
				D4BB6A332A2E2C4200FA6939 /* Firechat.app */,
				D4BB6A432A2E2C4400FA6939 /* FirechatTests.xctest */,
				D4BB6A4D2A2E2C4400FA6939 /* FirechatUITests.xctest */,
			);
			name = Products;
			sourceTree = "<group>";
		};
		D4BB6A352A2E2C4200FA6939 /* Firechat */ = {
			isa = PBXGroup;
			children = (
				D4BB6A972A2F752B00FA6939 /* Components */,
				D4BB6A6D2A2E3AD300FA6939 /* Services */,
				D4BB6A6A2A2E3AB700FA6939 /* Model */,
				D4BB6A6C2A2E3AC800FA6939 /* View */,
				D4BB6A6B2A2E3ABE00FA6939 /* ViewModel */,
				D4BB6A3C2A2E2C4400FA6939 /* Preview Content */,
				D4BB6A842A2F23EF00FA6939 /* Localizable.strings */,
			);
			path = Firechat;
			sourceTree = "<group>";
		};
		D4BB6A3C2A2E2C4400FA6939 /* Preview Content */ = {
			isa = PBXGroup;
			children = (
				D4BB6A3D2A2E2C4400FA6939 /* Preview Assets.xcassets */,
			);
			path = "Preview Content";
			sourceTree = "<group>";
		};
		D4BB6A462A2E2C4400FA6939 /* FirechatTests */ = {
			isa = PBXGroup;
			children = (
				D4BB6A472A2E2C4400FA6939 /* FirechatTests.swift */,
			);
			path = FirechatTests;
			sourceTree = "<group>";
		};
		D4BB6A502A2E2C4400FA6939 /* FirechatUITests */ = {
			isa = PBXGroup;
			children = (
				D4BB6A512A2E2C4400FA6939 /* FirechatUITests.swift */,
				D4BB6A532A2E2C4400FA6939 /* FirechatUITestsLaunchTests.swift */,
			);
			path = FirechatUITests;
			sourceTree = "<group>";
		};
		D4BB6A6A2A2E3AB700FA6939 /* Model */ = {
			isa = PBXGroup;
			children = (
			);
			path = Model;
			sourceTree = "<group>";
		};
		D4BB6A6B2A2E3ABE00FA6939 /* ViewModel */ = {
			isa = PBXGroup;
			children = (
				D4BB6A762A2E3E2000FA6939 /* AuthViewModel.swift */,
				D4BB6A7E2A2F21BF00FA6939 /* UserViewModel.swift */,
			);
			path = ViewModel;
			sourceTree = "<group>";
		};
		D4BB6A6C2A2E3AC800FA6939 /* View */ = {
			isa = PBXGroup;
			children = (
				D4BB6A792A2F216700FA6939 /* LoginView.swift */,
				D4BB6A782A2F216700FA6939 /* RegisterView.swift */,
				D4BB6A7A2A2F216700FA6939 /* ResetPassView.swift */,
				D4BB6A862A2F296200FA6939 /* ChatView.swift */,
			);
			path = View;
			sourceTree = "<group>";
		};
		D4BB6A6D2A2E3AD300FA6939 /* Services */ = {
			isa = PBXGroup;
			children = (
				D4BB6A6E2A2E3BBF00FA6939 /* Coordinator.swift */,
				D4BB6A932A2F665200FA6939 /* FirebaseManager.swift */,
			);
			path = Services;
			sourceTree = "<group>";
		};
		D4BB6A972A2F752B00FA6939 /* Components */ = {
			isa = PBXGroup;
			children = (
				D4BB6A982A2F754200FA6939 /* ImagePicker.swift */,
			);
			path = Components;
			sourceTree = "<group>";
		};
/* End PBXGroup section */

/* Begin PBXNativeTarget section */
		D4BB6A322A2E2C4200FA6939 /* Firechat */ = {
			isa = PBXNativeTarget;
			buildConfigurationList = D4BB6A572A2E2C4400FA6939 /* Build configuration list for PBXNativeTarget "Firechat" */;
			buildPhases = (
				D4BB6A2F2A2E2C4200FA6939 /* Sources */,
				D4BB6A302A2E2C4200FA6939 /* Frameworks */,
				D4BB6A312A2E2C4200FA6939 /* Resources */,
			);
			buildRules = (
			);
			dependencies = (
			);
			name = Firechat;
			packageProductDependencies = (
				D4BB6A8B2A2F3A4D00FA6939 /* FirebaseAuth */,
				D4BB6A8D2A2F3A4D00FA6939 /* FirebaseFirestore */,
				D4BB6A8F2A2F3A4D00FA6939 /* FirebaseStorage */,
			);
			productName = Firechat;
			productReference = D4BB6A332A2E2C4200FA6939 /* Firechat.app */;
			productType = "com.apple.product-type.application";
		};
		D4BB6A422A2E2C4400FA6939 /* FirechatTests */ = {
			isa = PBXNativeTarget;
			buildConfigurationList = D4BB6A5A2A2E2C4400FA6939 /* Build configuration list for PBXNativeTarget "FirechatTests" */;
			buildPhases = (
				D4BB6A3F2A2E2C4400FA6939 /* Sources */,
				D4BB6A402A2E2C4400FA6939 /* Frameworks */,
				D4BB6A412A2E2C4400FA6939 /* Resources */,
			);
			buildRules = (
			);
			dependencies = (
				D4BB6A452A2E2C4400FA6939 /* PBXTargetDependency */,
			);
			name = FirechatTests;
			productName = FirechatTests;
			productReference = D4BB6A432A2E2C4400FA6939 /* FirechatTests.xctest */;
			productType = "com.apple.product-type.bundle.unit-test";
		};
		D4BB6A4C2A2E2C4400FA6939 /* FirechatUITests */ = {
			isa = PBXNativeTarget;
			buildConfigurationList = D4BB6A5D2A2E2C4400FA6939 /* Build configuration list for PBXNativeTarget "FirechatUITests" */;
			buildPhases = (
				D4BB6A492A2E2C4400FA6939 /* Sources */,
				D4BB6A4A2A2E2C4400FA6939 /* Frameworks */,
				D4BB6A4B2A2E2C4400FA6939 /* Resources */,
			);
			buildRules = (
			);
			dependencies = (
				D4BB6A4F2A2E2C4400FA6939 /* PBXTargetDependency */,
			);
			name = FirechatUITests;
			productName = FirechatUITests;
			productReference = D4BB6A4D2A2E2C4400FA6939 /* FirechatUITests.xctest */;
			productType = "com.apple.product-type.bundle.ui-testing";
		};
/* End PBXNativeTarget section */

/* Begin PBXProject section */
		D4BB6A2B2A2E2C4200FA6939 /* Project object */ = {
			isa = PBXProject;
			attributes = {
				BuildIndependentTargetsInParallel = 1;
				LastSwiftUpdateCheck = 1430;
				LastUpgradeCheck = 1430;
				TargetAttributes = {
					D4BB6A322A2E2C4200FA6939 = {
						CreatedOnToolsVersion = 14.3.1;
					};
					D4BB6A422A2E2C4400FA6939 = {
						CreatedOnToolsVersion = 14.3.1;
						TestTargetID = D4BB6A322A2E2C4200FA6939;
					};
					D4BB6A4C2A2E2C4400FA6939 = {
						CreatedOnToolsVersion = 14.3.1;
						TestTargetID = D4BB6A322A2E2C4200FA6939;
					};
				};
			};
			buildConfigurationList = D4BB6A2E2A2E2C4200FA6939 /* Build configuration list for PBXProject "Firechat" */;
			compatibilityVersion = "Xcode 14.0";
			developmentRegion = en;
			hasScannedForEncodings = 0;
			knownRegions = (
				en,
				Base,
				de,
			);
			mainGroup = D4BB6A2A2A2E2C4200FA6939;
			packageReferences = (
				D4BB6A8A2A2F3A4D00FA6939 /* XCRemoteSwiftPackageReference "firebase-ios-sdk" */,
			);
			productRefGroup = D4BB6A342A2E2C4200FA6939 /* Products */;
			projectDirPath = "";
			projectRoot = "";
			targets = (
				D4BB6A322A2E2C4200FA6939 /* Firechat */,
				D4BB6A422A2E2C4400FA6939 /* FirechatTests */,
				D4BB6A4C2A2E2C4400FA6939 /* FirechatUITests */,
			);
		};
/* End PBXProject section */

/* Begin PBXResourcesBuildPhase section */
		D4BB6A312A2E2C4200FA6939 /* Resources */ = {
			isa = PBXResourcesBuildPhase;
			buildActionMask = 2147483647;
			files = (
				D4BB6A752A2E3D4C00FA6939 /* README.md in Resources */,
				D4BB6A822A2F23EF00FA6939 /* Localizable.strings in Resources */,
				D4BB6A9B2A2F8EB500FA6939 /* GoogleService-Info.plist in Resources */,
				D4BB6A3E2A2E2C4400FA6939 /* Preview Assets.xcassets in Resources */,
				D4BB6A3B2A2E2C4400FA6939 /* Assets.xcassets in Resources */,
			);
			runOnlyForDeploymentPostprocessing = 0;
		};
		D4BB6A412A2E2C4400FA6939 /* Resources */ = {
			isa = PBXResourcesBuildPhase;
			buildActionMask = 2147483647;
			files = (
			);
			runOnlyForDeploymentPostprocessing = 0;
		};
		D4BB6A4B2A2E2C4400FA6939 /* Resources */ = {
			isa = PBXResourcesBuildPhase;
			buildActionMask = 2147483647;
			files = (
			);
			runOnlyForDeploymentPostprocessing = 0;
		};
/* End PBXResourcesBuildPhase section */

/* Begin PBXSourcesBuildPhase section */
		D4BB6A2F2A2E2C4200FA6939 /* Sources */ = {
			isa = PBXSourcesBuildPhase;
			buildActionMask = 2147483647;
			files = (
				D4BB6A7D2A2F216700FA6939 /* ResetPassView.swift in Sources */,
				D4BB6A892A2F29F100FA6939 /* EntryPoint.swift in Sources */,
				D4BB6A7C2A2F216700FA6939 /* LoginView.swift in Sources */,
				D4BB6A7F2A2F21BF00FA6939 /* UserViewModel.swift in Sources */,
				D4BB6A942A2F665200FA6939 /* FirebaseManager.swift in Sources */,
				D4BB6A392A2E2C4200FA6939 /* ContentView.swift in Sources */,
				D4BB6A872A2F296200FA6939 /* ChatView.swift in Sources */,
				D4BB6A7B2A2F216700FA6939 /* RegisterView.swift in Sources */,
				D4BB6A772A2E3E2000FA6939 /* AuthViewModel.swift in Sources */,
				D4BB6A992A2F754200FA6939 /* ImagePicker.swift in Sources */,
				D4BB6A372A2E2C4200FA6939 /* FirechatApp.swift in Sources */,
				D4BB6A6F2A2E3BBF00FA6939 /* Coordinator.swift in Sources */,
			);
			runOnlyForDeploymentPostprocessing = 0;
		};
		D4BB6A3F2A2E2C4400FA6939 /* Sources */ = {
			isa = PBXSourcesBuildPhase;
			buildActionMask = 2147483647;
			files = (
				D4BB6A482A2E2C4400FA6939 /* FirechatTests.swift in Sources */,
			);
			runOnlyForDeploymentPostprocessing = 0;
		};
		D4BB6A492A2E2C4400FA6939 /* Sources */ = {
			isa = PBXSourcesBuildPhase;
			buildActionMask = 2147483647;
			files = (
				D4BB6A542A2E2C4400FA6939 /* FirechatUITestsLaunchTests.swift in Sources */,
				D4BB6A522A2E2C4400FA6939 /* FirechatUITests.swift in Sources */,
			);
			runOnlyForDeploymentPostprocessing = 0;
		};
/* End PBXSourcesBuildPhase section */

/* Begin PBXTargetDependency section */
		D4BB6A452A2E2C4400FA6939 /* PBXTargetDependency */ = {
			isa = PBXTargetDependency;
			target = D4BB6A322A2E2C4200FA6939 /* Firechat */;
			targetProxy = D4BB6A442A2E2C4400FA6939 /* PBXContainerItemProxy */;
		};
		D4BB6A4F2A2E2C4400FA6939 /* PBXTargetDependency */ = {
			isa = PBXTargetDependency;
			target = D4BB6A322A2E2C4200FA6939 /* Firechat */;
			targetProxy = D4BB6A4E2A2E2C4400FA6939 /* PBXContainerItemProxy */;
		};
/* End PBXTargetDependency section */

/* Begin PBXVariantGroup section */
		D4BB6A842A2F23EF00FA6939 /* Localizable.strings */ = {
			isa = PBXVariantGroup;
			children = (
				D4BB6A832A2F23EF00FA6939 /* en */,
				D4BB6A852A2F23F600FA6939 /* de */,
			);
			name = Localizable.strings;
			sourceTree = "<group>";
		};
/* End PBXVariantGroup section */

/* Begin XCBuildConfiguration section */
		D4BB6A552A2E2C4400FA6939 /* Debug */ = {
			isa = XCBuildConfiguration;
			buildSettings = {
				ALWAYS_SEARCH_USER_PATHS = NO;
				CLANG_ANALYZER_NONNULL = YES;
				CLANG_ANALYZER_NUMBER_OBJECT_CONVERSION = YES_AGGRESSIVE;
				CLANG_CXX_LANGUAGE_STANDARD = "gnu++20";
				CLANG_ENABLE_MODULES = YES;
				CLANG_ENABLE_OBJC_ARC = YES;
				CLANG_ENABLE_OBJC_WEAK = YES;
				CLANG_WARN_BLOCK_CAPTURE_AUTORELEASING = YES;
				CLANG_WARN_BOOL_CONVERSION = YES;
				CLANG_WARN_COMMA = YES;
				CLANG_WARN_CONSTANT_CONVERSION = YES;
				CLANG_WARN_DEPRECATED_OBJC_IMPLEMENTATIONS = YES;
				CLANG_WARN_DIRECT_OBJC_ISA_USAGE = YES_ERROR;
				CLANG_WARN_DOCUMENTATION_COMMENTS = YES;
				CLANG_WARN_EMPTY_BODY = YES;
				CLANG_WARN_ENUM_CONVERSION = YES;
				CLANG_WARN_INFINITE_RECURSION = YES;
				CLANG_WARN_INT_CONVERSION = YES;
				CLANG_WARN_NON_LITERAL_NULL_CONVERSION = YES;
				CLANG_WARN_OBJC_IMPLICIT_RETAIN_SELF = YES;
				CLANG_WARN_OBJC_LITERAL_CONVERSION = YES;
				CLANG_WARN_OBJC_ROOT_CLASS = YES_ERROR;
				CLANG_WARN_QUOTED_INCLUDE_IN_FRAMEWORK_HEADER = YES;
				CLANG_WARN_RANGE_LOOP_ANALYSIS = YES;
				CLANG_WARN_STRICT_PROTOTYPES = YES;
				CLANG_WARN_SUSPICIOUS_MOVE = YES;
				CLANG_WARN_UNGUARDED_AVAILABILITY = YES_AGGRESSIVE;
				CLANG_WARN_UNREACHABLE_CODE = YES;
				CLANG_WARN__DUPLICATE_METHOD_MATCH = YES;
				COPY_PHASE_STRIP = NO;
				DEBUG_INFORMATION_FORMAT = dwarf;
				ENABLE_STRICT_OBJC_MSGSEND = YES;
				ENABLE_TESTABILITY = YES;
				GCC_C_LANGUAGE_STANDARD = gnu11;
				GCC_DYNAMIC_NO_PIC = NO;
				GCC_NO_COMMON_BLOCKS = YES;
				GCC_OPTIMIZATION_LEVEL = 0;
				GCC_PREPROCESSOR_DEFINITIONS = (
					"DEBUG=1",
					"$(inherited)",
				);
				GCC_WARN_64_TO_32_BIT_CONVERSION = YES;
				GCC_WARN_ABOUT_RETURN_TYPE = YES_ERROR;
				GCC_WARN_UNDECLARED_SELECTOR = YES;
				GCC_WARN_UNINITIALIZED_AUTOS = YES_AGGRESSIVE;
				GCC_WARN_UNUSED_FUNCTION = YES;
				GCC_WARN_UNUSED_VARIABLE = YES;
				IPHONEOS_DEPLOYMENT_TARGET = 16.4;
				MTL_ENABLE_DEBUG_INFO = INCLUDE_SOURCE;
				MTL_FAST_MATH = YES;
				ONLY_ACTIVE_ARCH = YES;
				SDKROOT = iphoneos;
				SWIFT_ACTIVE_COMPILATION_CONDITIONS = DEBUG;
				SWIFT_OPTIMIZATION_LEVEL = "-Onone";
			};
			name = Debug;
		};
		D4BB6A562A2E2C4400FA6939 /* Release */ = {
			isa = XCBuildConfiguration;
			buildSettings = {
				ALWAYS_SEARCH_USER_PATHS = NO;
				CLANG_ANALYZER_NONNULL = YES;
				CLANG_ANALYZER_NUMBER_OBJECT_CONVERSION = YES_AGGRESSIVE;
				CLANG_CXX_LANGUAGE_STANDARD = "gnu++20";
				CLANG_ENABLE_MODULES = YES;
				CLANG_ENABLE_OBJC_ARC = YES;
				CLANG_ENABLE_OBJC_WEAK = YES;
				CLANG_WARN_BLOCK_CAPTURE_AUTORELEASING = YES;
				CLANG_WARN_BOOL_CONVERSION = YES;
				CLANG_WARN_COMMA = YES;
				CLANG_WARN_CONSTANT_CONVERSION = YES;
				CLANG_WARN_DEPRECATED_OBJC_IMPLEMENTATIONS = YES;
				CLANG_WARN_DIRECT_OBJC_ISA_USAGE = YES_ERROR;
				CLANG_WARN_DOCUMENTATION_COMMENTS = YES;
				CLANG_WARN_EMPTY_BODY = YES;
				CLANG_WARN_ENUM_CONVERSION = YES;
				CLANG_WARN_INFINITE_RECURSION = YES;
				CLANG_WARN_INT_CONVERSION = YES;
				CLANG_WARN_NON_LITERAL_NULL_CONVERSION = YES;
				CLANG_WARN_OBJC_IMPLICIT_RETAIN_SELF = YES;
				CLANG_WARN_OBJC_LITERAL_CONVERSION = YES;
				CLANG_WARN_OBJC_ROOT_CLASS = YES_ERROR;
				CLANG_WARN_QUOTED_INCLUDE_IN_FRAMEWORK_HEADER = YES;
				CLANG_WARN_RANGE_LOOP_ANALYSIS = YES;
				CLANG_WARN_STRICT_PROTOTYPES = YES;
				CLANG_WARN_SUSPICIOUS_MOVE = YES;
				CLANG_WARN_UNGUARDED_AVAILABILITY = YES_AGGRESSIVE;
				CLANG_WARN_UNREACHABLE_CODE = YES;
				CLANG_WARN__DUPLICATE_METHOD_MATCH = YES;
				COPY_PHASE_STRIP = NO;
				DEBUG_INFORMATION_FORMAT = "dwarf-with-dsym";
				ENABLE_NS_ASSERTIONS = NO;
				ENABLE_STRICT_OBJC_MSGSEND = YES;
				GCC_C_LANGUAGE_STANDARD = gnu11;
				GCC_NO_COMMON_BLOCKS = YES;
				GCC_WARN_64_TO_32_BIT_CONVERSION = YES;
				GCC_WARN_ABOUT_RETURN_TYPE = YES_ERROR;
				GCC_WARN_UNDECLARED_SELECTOR = YES;
				GCC_WARN_UNINITIALIZED_AUTOS = YES_AGGRESSIVE;
				GCC_WARN_UNUSED_FUNCTION = YES;
				GCC_WARN_UNUSED_VARIABLE = YES;
				IPHONEOS_DEPLOYMENT_TARGET = 16.4;
				MTL_ENABLE_DEBUG_INFO = NO;
				MTL_FAST_MATH = YES;
				SDKROOT = iphoneos;
				SWIFT_COMPILATION_MODE = wholemodule;
				SWIFT_OPTIMIZATION_LEVEL = "-O";
				VALIDATE_PRODUCT = YES;
			};
			name = Release;
		};
		D4BB6A582A2E2C4400FA6939 /* Debug */ = {
			isa = XCBuildConfiguration;
			buildSettings = {
				ASSETCATALOG_COMPILER_APPICON_NAME = AppIcon;
				ASSETCATALOG_COMPILER_GLOBAL_ACCENT_COLOR_NAME = AccentColor;
				CODE_SIGN_STYLE = Automatic;
				CURRENT_PROJECT_VERSION = 1;
				DEVELOPMENT_ASSET_PATHS = "\"Firechat/Preview Content\"";
				ENABLE_PREVIEWS = YES;
				GENERATE_INFOPLIST_FILE = YES;
				INFOPLIST_KEY_UIApplicationSceneManifest_Generation = YES;
				INFOPLIST_KEY_UIApplicationSupportsIndirectInputEvents = YES;
				INFOPLIST_KEY_UILaunchScreen_Generation = YES;
				INFOPLIST_KEY_UISupportedInterfaceOrientations_iPad = "UIInterfaceOrientationPortrait UIInterfaceOrientationPortraitUpsideDown UIInterfaceOrientationLandscapeLeft UIInterfaceOrientationLandscapeRight";
				INFOPLIST_KEY_UISupportedInterfaceOrientations_iPhone = "UIInterfaceOrientationPortrait UIInterfaceOrientationLandscapeLeft UIInterfaceOrientationLandscapeRight";
				LD_RUNPATH_SEARCH_PATHS = (
					"$(inherited)",
					"@executable_path/Frameworks",
				);
				MARKETING_VERSION = 1.0;
				PRODUCT_BUNDLE_IDENTIFIER = com.gnglab.firechat;
				PRODUCT_NAME = "$(TARGET_NAME)";
				SWIFT_EMIT_LOC_STRINGS = YES;
				SWIFT_VERSION = 5.0;
				TARGETED_DEVICE_FAMILY = "1,2";
			};
			name = Debug;
		};
		D4BB6A592A2E2C4400FA6939 /* Release */ = {
			isa = XCBuildConfiguration;
			buildSettings = {
				ASSETCATALOG_COMPILER_APPICON_NAME = AppIcon;
				ASSETCATALOG_COMPILER_GLOBAL_ACCENT_COLOR_NAME = AccentColor;
				CODE_SIGN_STYLE = Automatic;
				CURRENT_PROJECT_VERSION = 1;
				DEVELOPMENT_ASSET_PATHS = "\"Firechat/Preview Content\"";
				ENABLE_PREVIEWS = YES;
				GENERATE_INFOPLIST_FILE = YES;
				INFOPLIST_KEY_UIApplicationSceneManifest_Generation = YES;
				INFOPLIST_KEY_UIApplicationSupportsIndirectInputEvents = YES;
				INFOPLIST_KEY_UILaunchScreen_Generation = YES;
				INFOPLIST_KEY_UISupportedInterfaceOrientations_iPad = "UIInterfaceOrientationPortrait UIInterfaceOrientationPortraitUpsideDown UIInterfaceOrientationLandscapeLeft UIInterfaceOrientationLandscapeRight";
				INFOPLIST_KEY_UISupportedInterfaceOrientations_iPhone = "UIInterfaceOrientationPortrait UIInterfaceOrientationLandscapeLeft UIInterfaceOrientationLandscapeRight";
				LD_RUNPATH_SEARCH_PATHS = (
					"$(inherited)",
					"@executable_path/Frameworks",
				);
				MARKETING_VERSION = 1.0;
				PRODUCT_BUNDLE_IDENTIFIER = com.gnglab.firechat;
				PRODUCT_NAME = "$(TARGET_NAME)";
				SWIFT_EMIT_LOC_STRINGS = YES;
				SWIFT_VERSION = 5.0;
				TARGETED_DEVICE_FAMILY = "1,2";
			};
			name = Release;
		};
		D4BB6A5B2A2E2C4400FA6939 /* Debug */ = {
			isa = XCBuildConfiguration;
			buildSettings = {
				ALWAYS_EMBED_SWIFT_STANDARD_LIBRARIES = YES;
				BUNDLE_LOADER = "$(TEST_HOST)";
				CODE_SIGN_STYLE = Automatic;
				CURRENT_PROJECT_VERSION = 1;
				GENERATE_INFOPLIST_FILE = YES;
				IPHONEOS_DEPLOYMENT_TARGET = 16.4;
				MARKETING_VERSION = 1.0;
				PRODUCT_BUNDLE_IDENTIFIER = com.ghl.FirechatTests;
				PRODUCT_NAME = "$(TARGET_NAME)";
				SWIFT_EMIT_LOC_STRINGS = NO;
				SWIFT_VERSION = 5.0;
				TARGETED_DEVICE_FAMILY = "1,2";
				TEST_HOST = "$(BUILT_PRODUCTS_DIR)/Firechat.app/$(BUNDLE_EXECUTABLE_FOLDER_PATH)/Firechat";
			};
			name = Debug;
		};
		D4BB6A5C2A2E2C4400FA6939 /* Release */ = {
			isa = XCBuildConfiguration;
			buildSettings = {
				ALWAYS_EMBED_SWIFT_STANDARD_LIBRARIES = YES;
				BUNDLE_LOADER = "$(TEST_HOST)";
				CODE_SIGN_STYLE = Automatic;
				CURRENT_PROJECT_VERSION = 1;
				GENERATE_INFOPLIST_FILE = YES;
				IPHONEOS_DEPLOYMENT_TARGET = 16.4;
				MARKETING_VERSION = 1.0;
				PRODUCT_BUNDLE_IDENTIFIER = com.ghl.FirechatTests;
				PRODUCT_NAME = "$(TARGET_NAME)";
				SWIFT_EMIT_LOC_STRINGS = NO;
				SWIFT_VERSION = 5.0;
				TARGETED_DEVICE_FAMILY = "1,2";
				TEST_HOST = "$(BUILT_PRODUCTS_DIR)/Firechat.app/$(BUNDLE_EXECUTABLE_FOLDER_PATH)/Firechat";
			};
			name = Release;
		};
		D4BB6A5E2A2E2C4400FA6939 /* Debug */ = {
			isa = XCBuildConfiguration;
			buildSettings = {
				ALWAYS_EMBED_SWIFT_STANDARD_LIBRARIES = YES;
				CODE_SIGN_STYLE = Automatic;
				CURRENT_PROJECT_VERSION = 1;
				GENERATE_INFOPLIST_FILE = YES;
				MARKETING_VERSION = 1.0;
				PRODUCT_BUNDLE_IDENTIFIER = com.ghl.FirechatUITests;
				PRODUCT_NAME = "$(TARGET_NAME)";
				SWIFT_EMIT_LOC_STRINGS = NO;
				SWIFT_VERSION = 5.0;
				TARGETED_DEVICE_FAMILY = "1,2";
				TEST_TARGET_NAME = Firechat;
			};
			name = Debug;
		};
		D4BB6A5F2A2E2C4400FA6939 /* Release */ = {
			isa = XCBuildConfiguration;
			buildSettings = {
				ALWAYS_EMBED_SWIFT_STANDARD_LIBRARIES = YES;
				CODE_SIGN_STYLE = Automatic;
				CURRENT_PROJECT_VERSION = 1;
				GENERATE_INFOPLIST_FILE = YES;
				MARKETING_VERSION = 1.0;
				PRODUCT_BUNDLE_IDENTIFIER = com.ghl.FirechatUITests;
				PRODUCT_NAME = "$(TARGET_NAME)";
				SWIFT_EMIT_LOC_STRINGS = NO;
				SWIFT_VERSION = 5.0;
				TARGETED_DEVICE_FAMILY = "1,2";
				TEST_TARGET_NAME = Firechat;
			};
			name = Release;
		};
/* End XCBuildConfiguration section */

/* Begin XCConfigurationList section */
		D4BB6A2E2A2E2C4200FA6939 /* Build configuration list for PBXProject "Firechat" */ = {
			isa = XCConfigurationList;
			buildConfigurations = (
				D4BB6A552A2E2C4400FA6939 /* Debug */,
				D4BB6A562A2E2C4400FA6939 /* Release */,
			);
			defaultConfigurationIsVisible = 0;
			defaultConfigurationName = Release;
		};
		D4BB6A572A2E2C4400FA6939 /* Build configuration list for PBXNativeTarget "Firechat" */ = {
			isa = XCConfigurationList;
			buildConfigurations = (
				D4BB6A582A2E2C4400FA6939 /* Debug */,
				D4BB6A592A2E2C4400FA6939 /* Release */,
			);
			defaultConfigurationIsVisible = 0;
			defaultConfigurationName = Release;
		};
		D4BB6A5A2A2E2C4400FA6939 /* Build configuration list for PBXNativeTarget "FirechatTests" */ = {
			isa = XCConfigurationList;
			buildConfigurations = (
				D4BB6A5B2A2E2C4400FA6939 /* Debug */,
				D4BB6A5C2A2E2C4400FA6939 /* Release */,
			);
			defaultConfigurationIsVisible = 0;
			defaultConfigurationName = Release;
		};
		D4BB6A5D2A2E2C4400FA6939 /* Build configuration list for PBXNativeTarget "FirechatUITests" */ = {
			isa = XCConfigurationList;
			buildConfigurations = (
				D4BB6A5E2A2E2C4400FA6939 /* Debug */,
				D4BB6A5F2A2E2C4400FA6939 /* Release */,
			);
			defaultConfigurationIsVisible = 0;
			defaultConfigurationName = Release;
		};
/* End XCConfigurationList section */

/* Begin XCRemoteSwiftPackageReference section */
		D4BB6A8A2A2F3A4D00FA6939 /* XCRemoteSwiftPackageReference "firebase-ios-sdk" */ = {
			isa = XCRemoteSwiftPackageReference;
			repositoryURL = "https://github.com/firebase/firebase-ios-sdk.git";
			requirement = {
				kind = upToNextMajorVersion;
				minimumVersion = 10.0.0;
			};
		};
/* End XCRemoteSwiftPackageReference section */

/* Begin XCSwiftPackageProductDependency section */
		D4BB6A8B2A2F3A4D00FA6939 /* FirebaseAuth */ = {
			isa = XCSwiftPackageProductDependency;
			package = D4BB6A8A2A2F3A4D00FA6939 /* XCRemoteSwiftPackageReference "firebase-ios-sdk" */;
			productName = FirebaseAuth;
		};
		D4BB6A8D2A2F3A4D00FA6939 /* FirebaseFirestore */ = {
			isa = XCSwiftPackageProductDependency;
			package = D4BB6A8A2A2F3A4D00FA6939 /* XCRemoteSwiftPackageReference "firebase-ios-sdk" */;
			productName = FirebaseFirestore;
		};
		D4BB6A8F2A2F3A4D00FA6939 /* FirebaseStorage */ = {
			isa = XCSwiftPackageProductDependency;
			package = D4BB6A8A2A2F3A4D00FA6939 /* XCRemoteSwiftPackageReference "firebase-ios-sdk" */;
			productName = FirebaseStorage;
		};
/* End XCSwiftPackageProductDependency section */
	};
	rootObject = D4BB6A2B2A2E2C4200FA6939 /* Project object */;
}
